// !$*UTF8*$!
{
	archiveVersion = 1;
	classes = {
	};
	objectVersion = 56;
	objects = {

/* Begin PBXBuildFile section */
		020A8D6E2D976D6C00FFCABE /* MediaView.swift in Sources */ = {isa = PBXBuildFile; fileRef = 020A8D6D2D976D6C00FFCABE /* MediaView.swift */; };
		020A8D8C2D99FBA600FFCABE /* AlbumEntity+CoreDataProperties.swift in Sources */ = {isa = PBXBuildFile; fileRef = 020A8D882D99FBA600FFCABE /* AlbumEntity+CoreDataProperties.swift */; };
		020A8D8E2D99FBA600FFCABE /* MediaEntity+CoreDataProperties.swift in Sources */ = {isa = PBXBuildFile; fileRef = 020A8D8A2D99FBA600FFCABE /* MediaEntity+CoreDataProperties.swift */; };
		0215FDB92D933EA800E2B546 /* PhotoSafeApp.swift in Sources */ = {isa = PBXBuildFile; fileRef = 0215FDB82D933EA800E2B546 /* PhotoSafeApp.swift */; };
		0215FDBB2D933EA800E2B546 /* AlbumView.swift in Sources */ = {isa = PBXBuildFile; fileRef = 0215FDBA2D933EA800E2B546 /* AlbumView.swift */; };
		0215FDBD2D933EAB00E2B546 /* Assets.xcassets in Resources */ = {isa = PBXBuildFile; fileRef = 0215FDBC2D933EAB00E2B546 /* Assets.xcassets */; };
		0215FDC02D933EAB00E2B546 /* Preview Assets.xcassets in Resources */ = {isa = PBXBuildFile; fileRef = 0215FDBF2D933EAB00E2B546 /* Preview Assets.xcassets */; };
		0215FDCA2D933EAC00E2B546 /* PhotoSafeTests.swift in Sources */ = {isa = PBXBuildFile; fileRef = 0215FDC92D933EAC00E2B546 /* PhotoSafeTests.swift */; };
		0215FDD42D933EAC00E2B546 /* PhotoSafeUITests.swift in Sources */ = {isa = PBXBuildFile; fileRef = 0215FDD32D933EAC00E2B546 /* PhotoSafeUITests.swift */; };
		0215FDD62D933EAC00E2B546 /* PhotoSafeUITestsLaunchTests.swift in Sources */ = {isa = PBXBuildFile; fileRef = 0215FDD52D933EAC00E2B546 /* PhotoSafeUITestsLaunchTests.swift */; };
		0215FDE42D94414C00E2B546 /* LockView.swift in Sources */ = {isa = PBXBuildFile; fileRef = 0215FDE32D94414C00E2B546 /* LockView.swift */; };
		0215FDE72D963E6D00E2B546 /* Container.xcdatamodeld in Sources */ = {isa = PBXBuildFile; fileRef = 0215FDE52D963E6D00E2B546 /* Container.xcdatamodeld */; };
		0245023C2D9E0F5200E9A862 /* URL+Thumbnail.swift in Sources */ = {isa = PBXBuildFile; fileRef = 0245023B2D9E0F5200E9A862 /* URL+Thumbnail.swift */; };
		0245023E2D9E100700E9A862 /* PlayerView.swift in Sources */ = {isa = PBXBuildFile; fileRef = 0245023D2D9E100700E9A862 /* PlayerView.swift */; };
		024502402D9E107B00E9A862 /* CustomPlayer.swift in Sources */ = {isa = PBXBuildFile; fileRef = 0245023F2D9E107B00E9A862 /* CustomPlayer.swift */; };
		0248E94E2D9B4B8100272924 /* SDWebImageSwiftUI in Frameworks */ = {isa = PBXBuildFile; productRef = 0248E94D2D9B4B8100272924 /* SDWebImageSwiftUI */; };
		0248E9512D9B4C7300272924 /* FullCoverSheet.swift in Sources */ = {isa = PBXBuildFile; fileRef = 0248E9502D9B4C7300272924 /* FullCoverSheet.swift */; };
		0248E9532D9B4CC100272924 /* VideoFileTranferable.swift in Sources */ = {isa = PBXBuildFile; fileRef = 0248E9522D9B4CC100272924 /* VideoFileTranferable.swift */; };
		0248E9552D9B4D0500272924 /* BottomHeader.swift in Sources */ = {isa = PBXBuildFile; fileRef = 0248E9542D9B4D0500272924 /* BottomHeader.swift */; };
		0248E9582D9B56D700272924 /* ImageGridView.swift in Sources */ = {isa = PBXBuildFile; fileRef = 0248E9572D9B56D600272924 /* ImageGridView.swift */; };
		0248E95E2D9B5BD700272924 /* TopHeader.swift in Sources */ = {isa = PBXBuildFile; fileRef = 0248E95D2D9B5BD700272924 /* TopHeader.swift */; };
		0248E9602D9B5C0700272924 /* CreateAlbumSheet.swift in Sources */ = {isa = PBXBuildFile; fileRef = 0248E95F2D9B5C0700272924 /* CreateAlbumSheet.swift */; };
		0248E9632D9B5CDC00272924 /* NumPad.swift in Sources */ = {isa = PBXBuildFile; fileRef = 0248E9622D9B5CDC00272924 /* NumPad.swift */; };
		025019B02DA1F2A000F7BCE6 /* MediaSaver.swift in Sources */ = {isa = PBXBuildFile; fileRef = 025019AF2DA1F2A000F7BCE6 /* MediaSaver.swift */; };
		027250D92D9B291C00280DB2 /* CoreDataManager.swift in Sources */ = {isa = PBXBuildFile; fileRef = 027250D82D9B291C00280DB2 /* CoreDataManager.swift */; };
		027250DC2D9B2A6E00280DB2 /* AlbumService.swift in Sources */ = {isa = PBXBuildFile; fileRef = 027250DB2D9B2A6E00280DB2 /* AlbumService.swift */; };
		027250DF2D9B308D00280DB2 /* MediaService.swift in Sources */ = {isa = PBXBuildFile; fileRef = 027250DE2D9B308D00280DB2 /* MediaService.swift */; };
		027250E12D9B327E00280DB2 /* MediaViewModel.swift in Sources */ = {isa = PBXBuildFile; fileRef = 027250E02D9B327E00280DB2 /* MediaViewModel.swift */; };
		02B397012D96436B00952274 /* AlbumViewModel.swift in Sources */ = {isa = PBXBuildFile; fileRef = 02B397002D96436B00952274 /* AlbumViewModel.swift */; };
		02D8012C2DA45276002AE361 /* DragGestureWrapper.swift in Sources */ = {isa = PBXBuildFile; fileRef = 02D8012B2DA45276002AE361 /* DragGestureWrapper.swift */; };
		02D8012F2DA4546A002AE361 /* LazyPager in Frameworks */ = {isa = PBXBuildFile; productRef = 02D8012E2DA4546A002AE361 /* LazyPager */; };
		02EBCE322DA34C24004181A3 /* AlbumVView.swift in Sources */ = {isa = PBXBuildFile; fileRef = 02EBCE312DA34C24004181A3 /* AlbumVView.swift */; };
		02EBCE342DA34CA7004181A3 /* AlbumImageDisplay.swift in Sources */ = {isa = PBXBuildFile; fileRef = 02EBCE332DA34CA7004181A3 /* AlbumImageDisplay.swift */; };
/* End PBXBuildFile section */

/* Begin PBXContainerItemProxy section */
		0215FDC62D933EAC00E2B546 /* PBXContainerItemProxy */ = {
			isa = PBXContainerItemProxy;
			containerPortal = 0215FDAD2D933EA800E2B546 /* Project object */;
			proxyType = 1;
			remoteGlobalIDString = 0215FDB42D933EA800E2B546;
			remoteInfo = PhotoSafe;
		};
		0215FDD02D933EAC00E2B546 /* PBXContainerItemProxy */ = {
			isa = PBXContainerItemProxy;
			containerPortal = 0215FDAD2D933EA800E2B546 /* Project object */;
			proxyType = 1;
			remoteGlobalIDString = 0215FDB42D933EA800E2B546;
			remoteInfo = PhotoSafe;
		};
/* End PBXContainerItemProxy section */

/* Begin PBXFileReference section */
		020A8D6D2D976D6C00FFCABE /* MediaView.swift */ = {isa = PBXFileReference; lastKnownFileType = sourcecode.swift; path = MediaView.swift; sourceTree = "<group>"; };
		020A8D882D99FBA600FFCABE /* AlbumEntity+CoreDataProperties.swift */ = {isa = PBXFileReference; lastKnownFileType = sourcecode.swift; path = "AlbumEntity+CoreDataProperties.swift"; sourceTree = "<group>"; };
		020A8D8A2D99FBA600FFCABE /* MediaEntity+CoreDataProperties.swift */ = {isa = PBXFileReference; lastKnownFileType = sourcecode.swift; path = "MediaEntity+CoreDataProperties.swift"; sourceTree = "<group>"; };
		0215FDB52D933EA800E2B546 /* PhotoSafe.app */ = {isa = PBXFileReference; explicitFileType = wrapper.application; includeInIndex = 0; path = PhotoSafe.app; sourceTree = BUILT_PRODUCTS_DIR; };
		0215FDB82D933EA800E2B546 /* PhotoSafeApp.swift */ = {isa = PBXFileReference; lastKnownFileType = sourcecode.swift; path = PhotoSafeApp.swift; sourceTree = "<group>"; };
		0215FDBA2D933EA800E2B546 /* AlbumView.swift */ = {isa = PBXFileReference; lastKnownFileType = sourcecode.swift; path = AlbumView.swift; sourceTree = "<group>"; };
		0215FDBC2D933EAB00E2B546 /* Assets.xcassets */ = {isa = PBXFileReference; lastKnownFileType = folder.assetcatalog; path = Assets.xcassets; sourceTree = "<group>"; };
		0215FDBF2D933EAB00E2B546 /* Preview Assets.xcassets */ = {isa = PBXFileReference; lastKnownFileType = folder.assetcatalog; path = "Preview Assets.xcassets"; sourceTree = "<group>"; };
		0215FDC52D933EAC00E2B546 /* PhotoSafeTests.xctest */ = {isa = PBXFileReference; explicitFileType = wrapper.cfbundle; includeInIndex = 0; path = PhotoSafeTests.xctest; sourceTree = BUILT_PRODUCTS_DIR; };
		0215FDC92D933EAC00E2B546 /* PhotoSafeTests.swift */ = {isa = PBXFileReference; lastKnownFileType = sourcecode.swift; path = PhotoSafeTests.swift; sourceTree = "<group>"; };
		0215FDCF2D933EAC00E2B546 /* PhotoSafeUITests.xctest */ = {isa = PBXFileReference; explicitFileType = wrapper.cfbundle; includeInIndex = 0; path = PhotoSafeUITests.xctest; sourceTree = BUILT_PRODUCTS_DIR; };
		0215FDD32D933EAC00E2B546 /* PhotoSafeUITests.swift */ = {isa = PBXFileReference; lastKnownFileType = sourcecode.swift; path = PhotoSafeUITests.swift; sourceTree = "<group>"; };
		0215FDD52D933EAC00E2B546 /* PhotoSafeUITestsLaunchTests.swift */ = {isa = PBXFileReference; lastKnownFileType = sourcecode.swift; path = PhotoSafeUITestsLaunchTests.swift; sourceTree = "<group>"; };
		0215FDE32D94414C00E2B546 /* LockView.swift */ = {isa = PBXFileReference; lastKnownFileType = sourcecode.swift; path = LockView.swift; sourceTree = "<group>"; };
		0215FDE62D963E6D00E2B546 /* AlbumDataModel.xcdatamodel */ = {isa = PBXFileReference; lastKnownFileType = wrapper.xcdatamodel; path = AlbumDataModel.xcdatamodel; sourceTree = "<group>"; };
		0245023B2D9E0F5200E9A862 /* URL+Thumbnail.swift */ = {isa = PBXFileReference; lastKnownFileType = sourcecode.swift; path = "URL+Thumbnail.swift"; sourceTree = "<group>"; };
		0245023D2D9E100700E9A862 /* PlayerView.swift */ = {isa = PBXFileReference; lastKnownFileType = sourcecode.swift; path = PlayerView.swift; sourceTree = "<group>"; };
		0245023F2D9E107B00E9A862 /* CustomPlayer.swift */ = {isa = PBXFileReference; lastKnownFileType = sourcecode.swift; path = CustomPlayer.swift; sourceTree = "<group>"; };
		0248E9502D9B4C7300272924 /* FullCoverSheet.swift */ = {isa = PBXFileReference; lastKnownFileType = sourcecode.swift; path = FullCoverSheet.swift; sourceTree = "<group>"; };
		0248E9522D9B4CC100272924 /* VideoFileTranferable.swift */ = {isa = PBXFileReference; lastKnownFileType = sourcecode.swift; path = VideoFileTranferable.swift; sourceTree = "<group>"; };
		0248E9542D9B4D0500272924 /* BottomHeader.swift */ = {isa = PBXFileReference; lastKnownFileType = sourcecode.swift; path = BottomHeader.swift; sourceTree = "<group>"; };
		0248E9572D9B56D600272924 /* ImageGridView.swift */ = {isa = PBXFileReference; lastKnownFileType = sourcecode.swift; path = ImageGridView.swift; sourceTree = "<group>"; };
		0248E95D2D9B5BD700272924 /* TopHeader.swift */ = {isa = PBXFileReference; fileEncoding = 4; lastKnownFileType = sourcecode.swift; path = TopHeader.swift; sourceTree = "<group>"; };
		0248E95F2D9B5C0700272924 /* CreateAlbumSheet.swift */ = {isa = PBXFileReference; lastKnownFileType = sourcecode.swift; path = CreateAlbumSheet.swift; sourceTree = "<group>"; };
		0248E9622D9B5CDC00272924 /* NumPad.swift */ = {isa = PBXFileReference; lastKnownFileType = sourcecode.swift; path = NumPad.swift; sourceTree = "<group>"; };
		025019AF2DA1F2A000F7BCE6 /* MediaSaver.swift */ = {isa = PBXFileReference; lastKnownFileType = sourcecode.swift; path = MediaSaver.swift; sourceTree = "<group>"; };
		025019B12DA2FECF00F7BCE6 /* CustomAlert .swift */ = {isa = PBXFileReference; lastKnownFileType = sourcecode.swift; path = "CustomAlert .swift"; sourceTree = "<group>"; };
		027250D82D9B291C00280DB2 /* CoreDataManager.swift */ = {isa = PBXFileReference; lastKnownFileType = sourcecode.swift; path = CoreDataManager.swift; sourceTree = "<group>"; };
		027250DB2D9B2A6E00280DB2 /* AlbumService.swift */ = {isa = PBXFileReference; lastKnownFileType = sourcecode.swift; path = AlbumService.swift; sourceTree = "<group>"; };
		027250DE2D9B308D00280DB2 /* MediaService.swift */ = {isa = PBXFileReference; lastKnownFileType = sourcecode.swift; path = MediaService.swift; sourceTree = "<group>"; };
		027250E02D9B327E00280DB2 /* MediaViewModel.swift */ = {isa = PBXFileReference; lastKnownFileType = sourcecode.swift; path = MediaViewModel.swift; sourceTree = "<group>"; };
		02B397002D96436B00952274 /* AlbumViewModel.swift */ = {isa = PBXFileReference; lastKnownFileType = sourcecode.swift; path = AlbumViewModel.swift; sourceTree = "<group>"; };
		02D8012B2DA45276002AE361 /* DragGestureWrapper.swift */ = {isa = PBXFileReference; lastKnownFileType = sourcecode.swift; path = DragGestureWrapper.swift; sourceTree = "<group>"; };
		02EBCE312DA34C24004181A3 /* AlbumVView.swift */ = {isa = PBXFileReference; lastKnownFileType = sourcecode.swift; path = AlbumVView.swift; sourceTree = "<group>"; };
		02EBCE332DA34CA7004181A3 /* AlbumImageDisplay.swift */ = {isa = PBXFileReference; lastKnownFileType = sourcecode.swift; path = AlbumImageDisplay.swift; sourceTree = "<group>"; };
/* End PBXFileReference section */

/* Begin PBXFrameworksBuildPhase section */
		0215FDB22D933EA800E2B546 /* Frameworks */ = {
			isa = PBXFrameworksBuildPhase;
			buildActionMask = 2147483647;
			files = (
				02D8012F2DA4546A002AE361 /* LazyPager in Frameworks */,
				0248E94E2D9B4B8100272924 /* SDWebImageSwiftUI in Frameworks */,
			);
			runOnlyForDeploymentPostprocessing = 0;
		};
		0215FDC22D933EAC00E2B546 /* Frameworks */ = {
			isa = PBXFrameworksBuildPhase;
			buildActionMask = 2147483647;
			files = (
			);
			runOnlyForDeploymentPostprocessing = 0;
		};
		0215FDCC2D933EAC00E2B546 /* Frameworks */ = {
			isa = PBXFrameworksBuildPhase;
			buildActionMask = 2147483647;
			files = (
			);
			runOnlyForDeploymentPostprocessing = 0;
		};
/* End PBXFrameworksBuildPhase section */

/* Begin PBXGroup section */
		0215FDAC2D933EA800E2B546 = {
			isa = PBXGroup;
			children = (
				0215FDB72D933EA800E2B546 /* PhotoSafe */,
				0215FDC82D933EAC00E2B546 /* PhotoSafeTests */,
				0215FDD22D933EAC00E2B546 /* PhotoSafeUITests */,
				0215FDB62D933EA800E2B546 /* Products */,
				025019B32DA3258600F7BCE6 /* Recovered References */,
			);
			sourceTree = "<group>";
		};
		0215FDB62D933EA800E2B546 /* Products */ = {
			isa = PBXGroup;
			children = (
				0215FDB52D933EA800E2B546 /* PhotoSafe.app */,
				0215FDC52D933EAC00E2B546 /* PhotoSafeTests.xctest */,
				0215FDCF2D933EAC00E2B546 /* PhotoSafeUITests.xctest */,
			);
			name = Products;
			sourceTree = "<group>";
		};
		0215FDB72D933EA800E2B546 /* PhotoSafe */ = {
			isa = PBXGroup;
			children = (
				027250DA2D9B2A5900280DB2 /* Services */,
				027250D62D9B28A800280DB2 /* Models */,
				027250D42D9B27A800280DB2 /* Utilities */,
				027250D02D9B268000280DB2 /* Features */,
				0215FDE22D934B4E00E2B546 /* Viewmodels */,
				0215FDB82D933EA800E2B546 /* PhotoSafeApp.swift */,
				0215FDBC2D933EAB00E2B546 /* Assets.xcassets */,
				0215FDBE2D933EAB00E2B546 /* Preview Content */,
			);
			path = PhotoSafe;
			sourceTree = "<group>";
		};
		0215FDBE2D933EAB00E2B546 /* Preview Content */ = {
			isa = PBXGroup;
			children = (
				0215FDBF2D933EAB00E2B546 /* Preview Assets.xcassets */,
			);
			path = "Preview Content";
			sourceTree = "<group>";
		};
		0215FDC82D933EAC00E2B546 /* PhotoSafeTests */ = {
			isa = PBXGroup;
			children = (
				0215FDC92D933EAC00E2B546 /* PhotoSafeTests.swift */,
			);
			path = PhotoSafeTests;
			sourceTree = "<group>";
		};
		0215FDD22D933EAC00E2B546 /* PhotoSafeUITests */ = {
			isa = PBXGroup;
			children = (
				0215FDD32D933EAC00E2B546 /* PhotoSafeUITests.swift */,
				0215FDD52D933EAC00E2B546 /* PhotoSafeUITestsLaunchTests.swift */,
			);
			path = PhotoSafeUITests;
			sourceTree = "<group>";
		};
		0215FDE22D934B4E00E2B546 /* Viewmodels */ = {
			isa = PBXGroup;
			children = (
				02B397002D96436B00952274 /* AlbumViewModel.swift */,
				027250E02D9B327E00280DB2 /* MediaViewModel.swift */,
			);
			path = Viewmodels;
			sourceTree = "<group>";
		};
		024502392D9E0E8A00E9A862 /* Components */ = {
			isa = PBXGroup;
			children = (
			);
			path = Components;
			sourceTree = "<group>";
		};
		0245023A2D9E0F0900E9A862 /* Extensions */ = {
			isa = PBXGroup;
			children = (
				0245023B2D9E0F5200E9A862 /* URL+Thumbnail.swift */,
			);
			path = Extensions;
			sourceTree = "<group>";
		};
		0248E94F2D9B4C5500272924 /* Components */ = {
			isa = PBXGroup;
			children = (
				0248E9502D9B4C7300272924 /* FullCoverSheet.swift */,
				0248E9522D9B4CC100272924 /* VideoFileTranferable.swift */,
				0248E9542D9B4D0500272924 /* BottomHeader.swift */,
				0248E9572D9B56D600272924 /* ImageGridView.swift */,
				0245023D2D9E100700E9A862 /* PlayerView.swift */,
				0245023F2D9E107B00E9A862 /* CustomPlayer.swift */,
			);
			path = Components;
			sourceTree = "<group>";
		};
		0248E9592D9B5B1B00272924 /* Components */ = {
			isa = PBXGroup;
			children = (
				0248E95D2D9B5BD700272924 /* TopHeader.swift */,
				0248E95F2D9B5C0700272924 /* CreateAlbumSheet.swift */,
				02EBCE312DA34C24004181A3 /* AlbumVView.swift */,
			);
			path = Components;
			sourceTree = "<group>";
		};
		0248E9612D9B5CD100272924 /* Components */ = {
			isa = PBXGroup;
			children = (
				0248E9622D9B5CDC00272924 /* NumPad.swift */,
			);
			path = Components;
			sourceTree = "<group>";
		};
		025019B32DA3258600F7BCE6 /* Recovered References */ = {
			isa = PBXGroup;
			children = (
				025019B12DA2FECF00F7BCE6 /* CustomAlert .swift */,
			);
			name = "Recovered References";
			sourceTree = "<group>";
		};
		027250D02D9B268000280DB2 /* Features */ = {
			isa = PBXGroup;
			children = (
				024502392D9E0E8A00E9A862 /* Components */,
				027250D32D9B277500280DB2 /* Media */,
				027250D22D9B272300280DB2 /* Album */,
				027250D12D9B26F100280DB2 /* Lock */,
			);
			path = Features;
			sourceTree = "<group>";
		};
		027250D12D9B26F100280DB2 /* Lock */ = {
			isa = PBXGroup;
			children = (
				0248E9612D9B5CD100272924 /* Components */,
				0215FDE32D94414C00E2B546 /* LockView.swift */,
			);
			path = Lock;
			sourceTree = "<group>";
		};
		027250D22D9B272300280DB2 /* Album */ = {
			isa = PBXGroup;
			children = (
				0248E9592D9B5B1B00272924 /* Components */,
				0215FDBA2D933EA800E2B546 /* AlbumView.swift */,
			);
			path = Album;
			sourceTree = "<group>";
		};
		027250D32D9B277500280DB2 /* Media */ = {
			isa = PBXGroup;
			children = (
				0248E94F2D9B4C5500272924 /* Components */,
				020A8D6D2D976D6C00FFCABE /* MediaView.swift */,
			);
			path = Media;
			sourceTree = "<group>";
		};
		027250D42D9B27A800280DB2 /* Utilities */ = {
			isa = PBXGroup;
			children = (
				0245023A2D9E0F0900E9A862 /* Extensions */,
				025019AF2DA1F2A000F7BCE6 /* MediaSaver.swift */,
				02EBCE332DA34CA7004181A3 /* AlbumImageDisplay.swift */,
				02D8012B2DA45276002AE361 /* DragGestureWrapper.swift */,
			);
			path = Utilities;
			sourceTree = "<group>";
		};
		027250D62D9B28A800280DB2 /* Models */ = {
			isa = PBXGroup;
			children = (
				027250D72D9B28AF00280DB2 /* CoreData */,
			);
			path = Models;
			sourceTree = "<group>";
		};
		027250D72D9B28AF00280DB2 /* CoreData */ = {
			isa = PBXGroup;
			children = (
				0215FDE52D963E6D00E2B546 /* Container.xcdatamodeld */,
				020A8D882D99FBA600FFCABE /* AlbumEntity+CoreDataProperties.swift */,
				020A8D8A2D99FBA600FFCABE /* MediaEntity+CoreDataProperties.swift */,
				027250D82D9B291C00280DB2 /* CoreDataManager.swift */,
			);
			path = CoreData;
			sourceTree = "<group>";
		};
		027250DA2D9B2A5900280DB2 /* Services */ = {
			isa = PBXGroup;
			children = (
				027250DB2D9B2A6E00280DB2 /* AlbumService.swift */,
				027250DE2D9B308D00280DB2 /* MediaService.swift */,
			);
			path = Services;
			sourceTree = "<group>";
		};
/* End PBXGroup section */

/* Begin PBXNativeTarget section */
		0215FDB42D933EA800E2B546 /* PhotoSafe */ = {
			isa = PBXNativeTarget;
			buildConfigurationList = 0215FDD92D933EAC00E2B546 /* Build configuration list for PBXNativeTarget "PhotoSafe" */;
			buildPhases = (
				0215FDB12D933EA800E2B546 /* Sources */,
				0215FDB22D933EA800E2B546 /* Frameworks */,
				0215FDB32D933EA800E2B546 /* Resources */,
			);
			buildRules = (
			);
			dependencies = (
			);
			name = PhotoSafe;
			packageProductDependencies = (
				0248E94D2D9B4B8100272924 /* SDWebImageSwiftUI */,
				02D8012E2DA4546A002AE361 /* LazyPager */,
			);
			productName = PhotoSafe;
			productReference = 0215FDB52D933EA800E2B546 /* PhotoSafe.app */;
			productType = "com.apple.product-type.application";
		};
		0215FDC42D933EAC00E2B546 /* PhotoSafeTests */ = {
			isa = PBXNativeTarget;
			buildConfigurationList = 0215FDDC2D933EAC00E2B546 /* Build configuration list for PBXNativeTarget "PhotoSafeTests" */;
			buildPhases = (
				0215FDC12D933EAC00E2B546 /* Sources */,
				0215FDC22D933EAC00E2B546 /* Frameworks */,
				0215FDC32D933EAC00E2B546 /* Resources */,
			);
			buildRules = (
			);
			dependencies = (
				0215FDC72D933EAC00E2B546 /* PBXTargetDependency */,
			);
			name = PhotoSafeTests;
			productName = PhotoSafeTests;
			productReference = 0215FDC52D933EAC00E2B546 /* PhotoSafeTests.xctest */;
			productType = "com.apple.product-type.bundle.unit-test";
		};
		0215FDCE2D933EAC00E2B546 /* PhotoSafeUITests */ = {
			isa = PBXNativeTarget;
			buildConfigurationList = 0215FDDF2D933EAC00E2B546 /* Build configuration list for PBXNativeTarget "PhotoSafeUITests" */;
			buildPhases = (
				0215FDCB2D933EAC00E2B546 /* Sources */,
				0215FDCC2D933EAC00E2B546 /* Frameworks */,
				0215FDCD2D933EAC00E2B546 /* Resources */,
			);
			buildRules = (
			);
			dependencies = (
				0215FDD12D933EAC00E2B546 /* PBXTargetDependency */,
			);
			name = PhotoSafeUITests;
			productName = PhotoSafeUITests;
			productReference = 0215FDCF2D933EAC00E2B546 /* PhotoSafeUITests.xctest */;
			productType = "com.apple.product-type.bundle.ui-testing";
		};
/* End PBXNativeTarget section */

/* Begin PBXProject section */
		0215FDAD2D933EA800E2B546 /* Project object */ = {
			isa = PBXProject;
			attributes = {
				BuildIndependentTargetsInParallel = 1;
				LastSwiftUpdateCheck = 1500;
				LastUpgradeCheck = 1500;
				TargetAttributes = {
					0215FDB42D933EA800E2B546 = {
						CreatedOnToolsVersion = 15.0;
					};
					0215FDC42D933EAC00E2B546 = {
						CreatedOnToolsVersion = 15.0;
						TestTargetID = 0215FDB42D933EA800E2B546;
					};
					0215FDCE2D933EAC00E2B546 = {
						CreatedOnToolsVersion = 15.0;
						TestTargetID = 0215FDB42D933EA800E2B546;
					};
				};
			};
			buildConfigurationList = 0215FDB02D933EA800E2B546 /* Build configuration list for PBXProject "PhotoSafe" */;
			compatibilityVersion = "Xcode 14.0";
			developmentRegion = en;
			hasScannedForEncodings = 0;
			knownRegions = (
				en,
				Base,
			);
			mainGroup = 0215FDAC2D933EA800E2B546;
			packageReferences = (
				0248E94C2D9B4B8100272924 /* XCRemoteSwiftPackageReference "SDWebImageSwiftUI" */,
				02D8012D2DA4546A002AE361 /* XCRemoteSwiftPackageReference "LazyPager" */,
			);
			productRefGroup = 0215FDB62D933EA800E2B546 /* Products */;
			projectDirPath = "";
			projectRoot = "";
			targets = (
				0215FDB42D933EA800E2B546 /* PhotoSafe */,
				0215FDC42D933EAC00E2B546 /* PhotoSafeTests */,
				0215FDCE2D933EAC00E2B546 /* PhotoSafeUITests */,
			);
		};
/* End PBXProject section */

/* Begin PBXResourcesBuildPhase section */
		0215FDB32D933EA800E2B546 /* Resources */ = {
			isa = PBXResourcesBuildPhase;
			buildActionMask = 2147483647;
			files = (
				0215FDC02D933EAB00E2B546 /* Preview Assets.xcassets in Resources */,
				0215FDBD2D933EAB00E2B546 /* Assets.xcassets in Resources */,
			);
			runOnlyForDeploymentPostprocessing = 0;
		};
		0215FDC32D933EAC00E2B546 /* Resources */ = {
			isa = PBXResourcesBuildPhase;
			buildActionMask = 2147483647;
			files = (
			);
			runOnlyForDeploymentPostprocessing = 0;
		};
		0215FDCD2D933EAC00E2B546 /* Resources */ = {
			isa = PBXResourcesBuildPhase;
			buildActionMask = 2147483647;
			files = (
			);
			runOnlyForDeploymentPostprocessing = 0;
		};
/* End PBXResourcesBuildPhase section */

/* Begin PBXSourcesBuildPhase section */
		0215FDB12D933EA800E2B546 /* Sources */ = {
			isa = PBXSourcesBuildPhase;
			buildActionMask = 2147483647;
			files = (
				0245023C2D9E0F5200E9A862 /* URL+Thumbnail.swift in Sources */,
				027250DF2D9B308D00280DB2 /* MediaService.swift in Sources */,
				020A8D8C2D99FBA600FFCABE /* AlbumEntity+CoreDataProperties.swift in Sources */,
				0248E9582D9B56D700272924 /* ImageGridView.swift in Sources */,
				0215FDBB2D933EA800E2B546 /* AlbumView.swift in Sources */,
				020A8D8E2D99FBA600FFCABE /* MediaEntity+CoreDataProperties.swift in Sources */,
				0248E9532D9B4CC100272924 /* VideoFileTranferable.swift in Sources */,
				027250DC2D9B2A6E00280DB2 /* AlbumService.swift in Sources */,
				0248E9552D9B4D0500272924 /* BottomHeader.swift in Sources */,
				0245023E2D9E100700E9A862 /* PlayerView.swift in Sources */,
				0248E95E2D9B5BD700272924 /* TopHeader.swift in Sources */,
				0248E9632D9B5CDC00272924 /* NumPad.swift in Sources */,
				025019B02DA1F2A000F7BCE6 /* MediaSaver.swift in Sources */,
				02EBCE322DA34C24004181A3 /* AlbumVView.swift in Sources */,
				0215FDE42D94414C00E2B546 /* LockView.swift in Sources */,
				024502402D9E107B00E9A862 /* CustomPlayer.swift in Sources */,
				0215FDB92D933EA800E2B546 /* PhotoSafeApp.swift in Sources */,
				0248E9602D9B5C0700272924 /* CreateAlbumSheet.swift in Sources */,
				027250E12D9B327E00280DB2 /* MediaViewModel.swift in Sources */,
				020A8D6E2D976D6C00FFCABE /* MediaView.swift in Sources */,
				027250D92D9B291C00280DB2 /* CoreDataManager.swift in Sources */,
				0248E9512D9B4C7300272924 /* FullCoverSheet.swift in Sources */,
				02B397012D96436B00952274 /* AlbumViewModel.swift in Sources */,
				0215FDE72D963E6D00E2B546 /* Container.xcdatamodeld in Sources */,
				02EBCE342DA34CA7004181A3 /* AlbumImageDisplay.swift in Sources */,
				02D8012C2DA45276002AE361 /* DragGestureWrapper.swift in Sources */,
			);
			runOnlyForDeploymentPostprocessing = 0;
		};
		0215FDC12D933EAC00E2B546 /* Sources */ = {
			isa = PBXSourcesBuildPhase;
			buildActionMask = 2147483647;
			files = (
				0215FDCA2D933EAC00E2B546 /* PhotoSafeTests.swift in Sources */,
			);
			runOnlyForDeploymentPostprocessing = 0;
		};
		0215FDCB2D933EAC00E2B546 /* Sources */ = {
			isa = PBXSourcesBuildPhase;
			buildActionMask = 2147483647;
			files = (
				0215FDD62D933EAC00E2B546 /* PhotoSafeUITestsLaunchTests.swift in Sources */,
				0215FDD42D933EAC00E2B546 /* PhotoSafeUITests.swift in Sources */,
			);
			runOnlyForDeploymentPostprocessing = 0;
		};
/* End PBXSourcesBuildPhase section */

/* Begin PBXTargetDependency section */
		0215FDC72D933EAC00E2B546 /* PBXTargetDependency */ = {
			isa = PBXTargetDependency;
			target = 0215FDB42D933EA800E2B546 /* PhotoSafe */;
			targetProxy = 0215FDC62D933EAC00E2B546 /* PBXContainerItemProxy */;
		};
		0215FDD12D933EAC00E2B546 /* PBXTargetDependency */ = {
			isa = PBXTargetDependency;
			target = 0215FDB42D933EA800E2B546 /* PhotoSafe */;
			targetProxy = 0215FDD02D933EAC00E2B546 /* PBXContainerItemProxy */;
		};
/* End PBXTargetDependency section */

/* Begin XCBuildConfiguration section */
		0215FDD72D933EAC00E2B546 /* Debug */ = {
			isa = XCBuildConfiguration;
			buildSettings = {
				ALWAYS_SEARCH_USER_PATHS = NO;
				ASSETCATALOG_COMPILER_GENERATE_SWIFT_ASSET_SYMBOL_EXTENSIONS = YES;
				CLANG_ANALYZER_NONNULL = YES;
				CLANG_ANALYZER_NUMBER_OBJECT_CONVERSION = YES_AGGRESSIVE;
				CLANG_CXX_LANGUAGE_STANDARD = "gnu++20";
				CLANG_ENABLE_MODULES = YES;
				CLANG_ENABLE_OBJC_ARC = YES;
				CLANG_ENABLE_OBJC_WEAK = YES;
				CLANG_WARN_BLOCK_CAPTURE_AUTORELEASING = YES;
				CLANG_WARN_BOOL_CONVERSION = YES;
				CLANG_WARN_COMMA = YES;
				CLANG_WARN_CONSTANT_CONVERSION = YES;
				CLANG_WARN_DEPRECATED_OBJC_IMPLEMENTATIONS = YES;
				CLANG_WARN_DIRECT_OBJC_ISA_USAGE = YES_ERROR;
				CLANG_WARN_DOCUMENTATION_COMMENTS = YES;
				CLANG_WARN_EMPTY_BODY = YES;
				CLANG_WARN_ENUM_CONVERSION = YES;
				CLANG_WARN_INFINITE_RECURSION = YES;
				CLANG_WARN_INT_CONVERSION = YES;
				CLANG_WARN_NON_LITERAL_NULL_CONVERSION = YES;
				CLANG_WARN_OBJC_IMPLICIT_RETAIN_SELF = YES;
				CLANG_WARN_OBJC_LITERAL_CONVERSION = YES;
				CLANG_WARN_OBJC_ROOT_CLASS = YES_ERROR;
				CLANG_WARN_QUOTED_INCLUDE_IN_FRAMEWORK_HEADER = YES;
				CLANG_WARN_RANGE_LOOP_ANALYSIS = YES;
				CLANG_WARN_STRICT_PROTOTYPES = YES;
				CLANG_WARN_SUSPICIOUS_MOVE = YES;
				CLANG_WARN_UNGUARDED_AVAILABILITY = YES_AGGRESSIVE;
				CLANG_WARN_UNREACHABLE_CODE = YES;
				CLANG_WARN__DUPLICATE_METHOD_MATCH = YES;
				COPY_PHASE_STRIP = NO;
				DEBUG_INFORMATION_FORMAT = dwarf;
				ENABLE_STRICT_OBJC_MSGSEND = YES;
				ENABLE_TESTABILITY = YES;
				ENABLE_USER_SCRIPT_SANDBOXING = YES;
				GCC_C_LANGUAGE_STANDARD = gnu17;
				GCC_DYNAMIC_NO_PIC = NO;
				GCC_NO_COMMON_BLOCKS = YES;
				GCC_OPTIMIZATION_LEVEL = 0;
				GCC_PREPROCESSOR_DEFINITIONS = (
					"DEBUG=1",
					"$(inherited)",
				);
				GCC_WARN_64_TO_32_BIT_CONVERSION = YES;
				GCC_WARN_ABOUT_RETURN_TYPE = YES_ERROR;
				GCC_WARN_UNDECLARED_SELECTOR = YES;
				GCC_WARN_UNINITIALIZED_AUTOS = YES_AGGRESSIVE;
				GCC_WARN_UNUSED_FUNCTION = YES;
				GCC_WARN_UNUSED_VARIABLE = YES;
				IPHONEOS_DEPLOYMENT_TARGET = 17.0;
				LOCALIZATION_PREFERS_STRING_CATALOGS = YES;
				MTL_ENABLE_DEBUG_INFO = INCLUDE_SOURCE;
				MTL_FAST_MATH = YES;
				ONLY_ACTIVE_ARCH = YES;
				SDKROOT = iphoneos;
				SWIFT_ACTIVE_COMPILATION_CONDITIONS = "DEBUG $(inherited)";
				SWIFT_OPTIMIZATION_LEVEL = "-Onone";
			};
			name = Debug;
		};
		0215FDD82D933EAC00E2B546 /* Release */ = {
			isa = XCBuildConfiguration;
			buildSettings = {
				ALWAYS_SEARCH_USER_PATHS = NO;
				ASSETCATALOG_COMPILER_GENERATE_SWIFT_ASSET_SYMBOL_EXTENSIONS = YES;
				CLANG_ANALYZER_NONNULL = YES;
				CLANG_ANALYZER_NUMBER_OBJECT_CONVERSION = YES_AGGRESSIVE;
				CLANG_CXX_LANGUAGE_STANDARD = "gnu++20";
				CLANG_ENABLE_MODULES = YES;
				CLANG_ENABLE_OBJC_ARC = YES;
				CLANG_ENABLE_OBJC_WEAK = YES;
				CLANG_WARN_BLOCK_CAPTURE_AUTORELEASING = YES;
				CLANG_WARN_BOOL_CONVERSION = YES;
				CLANG_WARN_COMMA = YES;
				CLANG_WARN_CONSTANT_CONVERSION = YES;
				CLANG_WARN_DEPRECATED_OBJC_IMPLEMENTATIONS = YES;
				CLANG_WARN_DIRECT_OBJC_ISA_USAGE = YES_ERROR;
				CLANG_WARN_DOCUMENTATION_COMMENTS = YES;
				CLANG_WARN_EMPTY_BODY = YES;
				CLANG_WARN_ENUM_CONVERSION = YES;
				CLANG_WARN_INFINITE_RECURSION = YES;
				CLANG_WARN_INT_CONVERSION = YES;
				CLANG_WARN_NON_LITERAL_NULL_CONVERSION = YES;
				CLANG_WARN_OBJC_IMPLICIT_RETAIN_SELF = YES;
				CLANG_WARN_OBJC_LITERAL_CONVERSION = YES;
				CLANG_WARN_OBJC_ROOT_CLASS = YES_ERROR;
				CLANG_WARN_QUOTED_INCLUDE_IN_FRAMEWORK_HEADER = YES;
				CLANG_WARN_RANGE_LOOP_ANALYSIS = YES;
				CLANG_WARN_STRICT_PROTOTYPES = YES;
				CLANG_WARN_SUSPICIOUS_MOVE = YES;
				CLANG_WARN_UNGUARDED_AVAILABILITY = YES_AGGRESSIVE;
				CLANG_WARN_UNREACHABLE_CODE = YES;
				CLANG_WARN__DUPLICATE_METHOD_MATCH = YES;
				COPY_PHASE_STRIP = NO;
				DEBUG_INFORMATION_FORMAT = "dwarf-with-dsym";
				ENABLE_NS_ASSERTIONS = NO;
				ENABLE_STRICT_OBJC_MSGSEND = YES;
				ENABLE_USER_SCRIPT_SANDBOXING = YES;
				GCC_C_LANGUAGE_STANDARD = gnu17;
				GCC_NO_COMMON_BLOCKS = YES;
				GCC_WARN_64_TO_32_BIT_CONVERSION = YES;
				GCC_WARN_ABOUT_RETURN_TYPE = YES_ERROR;
				GCC_WARN_UNDECLARED_SELECTOR = YES;
				GCC_WARN_UNINITIALIZED_AUTOS = YES_AGGRESSIVE;
				GCC_WARN_UNUSED_FUNCTION = YES;
				GCC_WARN_UNUSED_VARIABLE = YES;
				IPHONEOS_DEPLOYMENT_TARGET = 17.0;
				LOCALIZATION_PREFERS_STRING_CATALOGS = YES;
				MTL_ENABLE_DEBUG_INFO = NO;
				MTL_FAST_MATH = YES;
				SDKROOT = iphoneos;
				SWIFT_COMPILATION_MODE = wholemodule;
				VALIDATE_PRODUCT = YES;
			};
			name = Release;
		};
		0215FDDA2D933EAC00E2B546 /* Debug */ = {
			isa = XCBuildConfiguration;
			buildSettings = {
				ASSETCATALOG_COMPILER_APPICON_NAME = AppIcon;
				ASSETCATALOG_COMPILER_GLOBAL_ACCENT_COLOR_NAME = AccentColor;
				CODE_SIGN_STYLE = Automatic;
				CURRENT_PROJECT_VERSION = 1;
				DEVELOPMENT_ASSET_PATHS = "\"PhotoSafe/Preview Content\"";
				DEVELOPMENT_TEAM = H3X5T2NC86;
				ENABLE_PREVIEWS = YES;
				GENERATE_INFOPLIST_FILE = YES;
				INFOPLIST_KEY_NSPhotoLibraryAddUsageDescription = "Save Media To Library";
				INFOPLIST_KEY_UIApplicationSceneManifest_Generation = YES;
				INFOPLIST_KEY_UIApplicationSupportsIndirectInputEvents = YES;
				INFOPLIST_KEY_UILaunchScreen_Generation = YES;
				INFOPLIST_KEY_UISupportedInterfaceOrientations_iPad = "UIInterfaceOrientationPortrait UIInterfaceOrientationPortraitUpsideDown UIInterfaceOrientationLandscapeLeft UIInterfaceOrientationLandscapeRight";
				INFOPLIST_KEY_UISupportedInterfaceOrientations_iPhone = "UIInterfaceOrientationPortrait UIInterfaceOrientationLandscapeLeft UIInterfaceOrientationLandscapeRight";
				LD_RUNPATH_SEARCH_PATHS = (
					"$(inherited)",
					"@executable_path/Frameworks",
				);
				MARKETING_VERSION = 1.0;
				PRODUCT_BUNDLE_IDENTIFIER = Projects.PhotoSafe;
				PRODUCT_NAME = "$(TARGET_NAME)";
				SWIFT_EMIT_LOC_STRINGS = YES;
				SWIFT_VERSION = 5.0;
				TARGETED_DEVICE_FAMILY = "1,2";
			};
			name = Debug;
		};
		0215FDDB2D933EAC00E2B546 /* Release */ = {
			isa = XCBuildConfiguration;
			buildSettings = {
				ASSETCATALOG_COMPILER_APPICON_NAME = AppIcon;
				ASSETCATALOG_COMPILER_GLOBAL_ACCENT_COLOR_NAME = AccentColor;
				CODE_SIGN_STYLE = Automatic;
				CURRENT_PROJECT_VERSION = 1;
				DEVELOPMENT_ASSET_PATHS = "\"PhotoSafe/Preview Content\"";
				DEVELOPMENT_TEAM = H3X5T2NC86;
				ENABLE_PREVIEWS = YES;
				GENERATE_INFOPLIST_FILE = YES;
				INFOPLIST_KEY_NSPhotoLibraryAddUsageDescription = "Save Media To Library";
				INFOPLIST_KEY_UIApplicationSceneManifest_Generation = YES;
				INFOPLIST_KEY_UIApplicationSupportsIndirectInputEvents = YES;
				INFOPLIST_KEY_UILaunchScreen_Generation = YES;
				INFOPLIST_KEY_UISupportedInterfaceOrientations_iPad = "UIInterfaceOrientationPortrait UIInterfaceOrientationPortraitUpsideDown UIInterfaceOrientationLandscapeLeft UIInterfaceOrientationLandscapeRight";
				INFOPLIST_KEY_UISupportedInterfaceOrientations_iPhone = "UIInterfaceOrientationPortrait UIInterfaceOrientationLandscapeLeft UIInterfaceOrientationLandscapeRight";
				LD_RUNPATH_SEARCH_PATHS = (
					"$(inherited)",
					"@executable_path/Frameworks",
				);
				MARKETING_VERSION = 1.0;
				PRODUCT_BUNDLE_IDENTIFIER = Projects.PhotoSafe;
				PRODUCT_NAME = "$(TARGET_NAME)";
				SWIFT_EMIT_LOC_STRINGS = YES;
				SWIFT_VERSION = 5.0;
				TARGETED_DEVICE_FAMILY = "1,2";
			};
			name = Release;
		};
		0215FDDD2D933EAC00E2B546 /* Debug */ = {
			isa = XCBuildConfiguration;
			buildSettings = {
				ALWAYS_EMBED_SWIFT_STANDARD_LIBRARIES = YES;
				BUNDLE_LOADER = "$(TEST_HOST)";
				CODE_SIGN_STYLE = Automatic;
				CURRENT_PROJECT_VERSION = 1;
				DEVELOPMENT_TEAM = H3X5T2NC86;
				GENERATE_INFOPLIST_FILE = YES;
				IPHONEOS_DEPLOYMENT_TARGET = 17.0;
				MARKETING_VERSION = 1.0;
				PRODUCT_BUNDLE_IDENTIFIER = Projects.PhotoSafeTests;
				PRODUCT_NAME = "$(TARGET_NAME)";
				SWIFT_EMIT_LOC_STRINGS = NO;
				SWIFT_VERSION = 5.0;
				TARGETED_DEVICE_FAMILY = "1,2";
				TEST_HOST = "$(BUILT_PRODUCTS_DIR)/PhotoSafe.app/$(BUNDLE_EXECUTABLE_FOLDER_PATH)/PhotoSafe";
			};
			name = Debug;
		};
		0215FDDE2D933EAC00E2B546 /* Release */ = {
			isa = XCBuildConfiguration;
			buildSettings = {
				ALWAYS_EMBED_SWIFT_STANDARD_LIBRARIES = YES;
				BUNDLE_LOADER = "$(TEST_HOST)";
				CODE_SIGN_STYLE = Automatic;
				CURRENT_PROJECT_VERSION = 1;
				DEVELOPMENT_TEAM = H3X5T2NC86;
				GENERATE_INFOPLIST_FILE = YES;
				IPHONEOS_DEPLOYMENT_TARGET = 17.0;
				MARKETING_VERSION = 1.0;
				PRODUCT_BUNDLE_IDENTIFIER = Projects.PhotoSafeTests;
				PRODUCT_NAME = "$(TARGET_NAME)";
				SWIFT_EMIT_LOC_STRINGS = NO;
				SWIFT_VERSION = 5.0;
				TARGETED_DEVICE_FAMILY = "1,2";
				TEST_HOST = "$(BUILT_PRODUCTS_DIR)/PhotoSafe.app/$(BUNDLE_EXECUTABLE_FOLDER_PATH)/PhotoSafe";
			};
			name = Release;
		};
		0215FDE02D933EAC00E2B546 /* Debug */ = {
			isa = XCBuildConfiguration;
			buildSettings = {
				ALWAYS_EMBED_SWIFT_STANDARD_LIBRARIES = YES;
				CODE_SIGN_STYLE = Automatic;
				CURRENT_PROJECT_VERSION = 1;
				DEVELOPMENT_TEAM = H3X5T2NC86;
				GENERATE_INFOPLIST_FILE = YES;
				MARKETING_VERSION = 1.0;
				PRODUCT_BUNDLE_IDENTIFIER = Projects.PhotoSafeUITests;
				PRODUCT_NAME = "$(TARGET_NAME)";
				SWIFT_EMIT_LOC_STRINGS = NO;
				SWIFT_VERSION = 5.0;
				TARGETED_DEVICE_FAMILY = "1,2";
				TEST_TARGET_NAME = PhotoSafe;
			};
			name = Debug;
		};
		0215FDE12D933EAC00E2B546 /* Release */ = {
			isa = XCBuildConfiguration;
			buildSettings = {
				ALWAYS_EMBED_SWIFT_STANDARD_LIBRARIES = YES;
				CODE_SIGN_STYLE = Automatic;
				CURRENT_PROJECT_VERSION = 1;
				DEVELOPMENT_TEAM = H3X5T2NC86;
				GENERATE_INFOPLIST_FILE = YES;
				MARKETING_VERSION = 1.0;
				PRODUCT_BUNDLE_IDENTIFIER = Projects.PhotoSafeUITests;
				PRODUCT_NAME = "$(TARGET_NAME)";
				SWIFT_EMIT_LOC_STRINGS = NO;
				SWIFT_VERSION = 5.0;
				TARGETED_DEVICE_FAMILY = "1,2";
				TEST_TARGET_NAME = PhotoSafe;
			};
			name = Release;
		};
/* End XCBuildConfiguration section */

/* Begin XCConfigurationList section */
		0215FDB02D933EA800E2B546 /* Build configuration list for PBXProject "PhotoSafe" */ = {
			isa = XCConfigurationList;
			buildConfigurations = (
				0215FDD72D933EAC00E2B546 /* Debug */,
				0215FDD82D933EAC00E2B546 /* Release */,
			);
			defaultConfigurationIsVisible = 0;
			defaultConfigurationName = Release;
		};
		0215FDD92D933EAC00E2B546 /* Build configuration list for PBXNativeTarget "PhotoSafe" */ = {
			isa = XCConfigurationList;
			buildConfigurations = (
				0215FDDA2D933EAC00E2B546 /* Debug */,
				0215FDDB2D933EAC00E2B546 /* Release */,
			);
			defaultConfigurationIsVisible = 0;
			defaultConfigurationName = Release;
		};
		0215FDDC2D933EAC00E2B546 /* Build configuration list for PBXNativeTarget "PhotoSafeTests" */ = {
			isa = XCConfigurationList;
			buildConfigurations = (
				0215FDDD2D933EAC00E2B546 /* Debug */,
				0215FDDE2D933EAC00E2B546 /* Release */,
			);
			defaultConfigurationIsVisible = 0;
			defaultConfigurationName = Release;
		};
		0215FDDF2D933EAC00E2B546 /* Build configuration list for PBXNativeTarget "PhotoSafeUITests" */ = {
			isa = XCConfigurationList;
			buildConfigurations = (
				0215FDE02D933EAC00E2B546 /* Debug */,
				0215FDE12D933EAC00E2B546 /* Release */,
			);
			defaultConfigurationIsVisible = 0;
			defaultConfigurationName = Release;
		};
/* End XCConfigurationList section */

/* Begin XCRemoteSwiftPackageReference section */
		0248E94C2D9B4B8100272924 /* XCRemoteSwiftPackageReference "SDWebImageSwiftUI" */ = {
			isa = XCRemoteSwiftPackageReference;
			repositoryURL = "https://github.com/SDWebImage/SDWebImageSwiftUI.git";
			requirement = {
				kind = upToNextMajorVersion;
				minimumVersion = 3.1.3;
			};
		};
		02D8012D2DA4546A002AE361 /* XCRemoteSwiftPackageReference "LazyPager" */ = {
			isa = XCRemoteSwiftPackageReference;
			repositoryURL = "https://github.com/gh123man/LazyPager";
			requirement = {
				kind = upToNextMajorVersion;
				minimumVersion = 1.1.7;
			};
		};
/* End XCRemoteSwiftPackageReference section */

/* Begin XCSwiftPackageProductDependency section */
		0248E94D2D9B4B8100272924 /* SDWebImageSwiftUI */ = {
			isa = XCSwiftPackageProductDependency;
			package = 0248E94C2D9B4B8100272924 /* XCRemoteSwiftPackageReference "SDWebImageSwiftUI" */;
			productName = SDWebImageSwiftUI;
		};
		02D8012E2DA4546A002AE361 /* LazyPager */ = {
			isa = XCSwiftPackageProductDependency;
			package = 02D8012D2DA4546A002AE361 /* XCRemoteSwiftPackageReference "LazyPager" */;
			productName = LazyPager;
		};
/* End XCSwiftPackageProductDependency section */

/* Begin XCVersionGroup section */
		0215FDE52D963E6D00E2B546 /* Container.xcdatamodeld */ = {
			isa = XCVersionGroup;
			children = (
				0215FDE62D963E6D00E2B546 /* AlbumDataModel.xcdatamodel */,
			);
			currentVersion = 0215FDE62D963E6D00E2B546 /* AlbumDataModel.xcdatamodel */;
			path = Container.xcdatamodeld;
			sourceTree = "<group>";
			versionGroupType = wrapper.xcdatamodel;
		};
/* End XCVersionGroup section */
	};
	rootObject = 0215FDAD2D933EA800E2B546 /* Project object */;
}
